
Microsoft Visual Studio Solution File, Format Version 12.00
# Visual Studio Version 17
VisualStudioVersion = 17.3.32929.385
MinimumVisualStudioVersion = 10.0.40219.1
Project("{FAE04EC0-301F-11D3-BF4B-00C04F79EFBC}") = "k-th minimum", "k-th minimum\k-th minimum.csproj", "{EE1DB64B-81F8-476E-A311-9605D7E6F0E7}"
EndProject
Global
	GlobalSection(SolutionConfigurationPlatforms) = preSolution
		Debug|Any CPU = Debug|Any CPU
		Release|Any CPU = Release|Any CPU
	EndGlobalSection
	GlobalSection(ProjectConfigurationPlatforms) = postSolution
		{EE1DB64B-81F8-476E-A311-9605D7E6F0E7}.Debug|Any CPU.ActiveCfg = Debug|Any CPU
		{EE1DB64B-81F8-476E-A311-9605D7E6F0E7}.Debug|Any CPU.Build.0 = Debug|Any CPU
		{EE1DB64B-81F8-476E-A311-9605D7E6F0E7}.Release|Any CPU.ActiveCfg = Release|Any CPU
		{EE1DB64B-81F8-476E-A311-9605D7E6F0E7}.Release|Any CPU.Build.0 = Release|Any CPU
	EndGlobalSection
	GlobalSection(SolutionProperties) = preSolution
		HideSolutionNode = FALSE
	EndGlobalSection
	GlobalSection(ExtensibilityGlobals) = postSolution
		SolutionGuid = {10F098CD-B7F1-49BC-B583-FA2985F806D8}
	EndGlobalSection
EndGlobal
