
Microsoft Visual Studio Solution File, Format Version 12.00
# Visual Studio Version 17
VisualStudioVersion = 17.3.32929.385
MinimumVisualStudioVersion = 10.0.40219.1
Project("{FAE04EC0-301F-11D3-BF4B-00C04F79EFBC}") = "Дальше-меньше", "Дальше-меньше\Дальше-меньше.csproj", "{0EE2FFB5-2C91-44E6-B0D2-656A9F90E271}"
EndProject
Global
	GlobalSection(SolutionConfigurationPlatforms) = preSolution
		Debug|Any CPU = Debug|Any CPU
		Release|Any CPU = Release|Any CPU
	EndGlobalSection
	GlobalSection(ProjectConfigurationPlatforms) = postSolution
		{0EE2FFB5-2C91-44E6-B0D2-656A9F90E271}.Debug|Any CPU.ActiveCfg = Debug|Any CPU
		{0EE2FFB5-2C91-44E6-B0D2-656A9F90E271}.Debug|Any CPU.Build.0 = Debug|Any CPU
		{0EE2FFB5-2C91-44E6-B0D2-656A9F90E271}.Release|Any CPU.ActiveCfg = Release|Any CPU
		{0EE2FFB5-2C91-44E6-B0D2-656A9F90E271}.Release|Any CPU.Build.0 = Release|Any CPU
	EndGlobalSection
	GlobalSection(SolutionProperties) = preSolution
		HideSolutionNode = FALSE
	EndGlobalSection
	GlobalSection(ExtensibilityGlobals) = postSolution
		SolutionGuid = {1D2E4F87-AF8B-4869-AFE9-D820D5C211F7}
	EndGlobalSection
EndGlobal
