
Microsoft Visual Studio Solution File, Format Version 12.00
# Visual Studio Version 17
VisualStudioVersion = 17.3.32929.385
MinimumVisualStudioVersion = 10.0.40219.1
Project("{FAE04EC0-301F-11D3-BF4B-00C04F79EFBC}") = "Перестановка", "Перестановка\Перестановка.csproj", "{3B357282-3F23-4DEA-9655-BAFD07BD9C84}"
EndProject
Global
	GlobalSection(SolutionConfigurationPlatforms) = preSolution
		Debug|Any CPU = Debug|Any CPU
		Release|Any CPU = Release|Any CPU
	EndGlobalSection
	GlobalSection(ProjectConfigurationPlatforms) = postSolution
		{3B357282-3F23-4DEA-9655-BAFD07BD9C84}.Debug|Any CPU.ActiveCfg = Debug|Any CPU
		{3B357282-3F23-4DEA-9655-BAFD07BD9C84}.Debug|Any CPU.Build.0 = Debug|Any CPU
		{3B357282-3F23-4DEA-9655-BAFD07BD9C84}.Release|Any CPU.ActiveCfg = Release|Any CPU
		{3B357282-3F23-4DEA-9655-BAFD07BD9C84}.Release|Any CPU.Build.0 = Release|Any CPU
	EndGlobalSection
	GlobalSection(SolutionProperties) = preSolution
		HideSolutionNode = FALSE
	EndGlobalSection
	GlobalSection(ExtensibilityGlobals) = postSolution
		SolutionGuid = {3B95DD38-A08D-4167-AD6C-3990DEB61EFC}
	EndGlobalSection
EndGlobal
