
Microsoft Visual Studio Solution File, Format Version 12.00
# Visual Studio Version 17
VisualStudioVersion = 17.3.32929.385
MinimumVisualStudioVersion = 10.0.40219.1
Project("{FAE04EC0-301F-11D3-BF4B-00C04F79EFBC}") = "Распаковка шортов", "Распаковка шортов\Распаковка шортов.csproj", "{55565BBB-F2D2-40DA-A92F-3111194B5D2B}"
EndProject
Global
	GlobalSection(SolutionConfigurationPlatforms) = preSolution
		Debug|Any CPU = Debug|Any CPU
		Release|Any CPU = Release|Any CPU
	EndGlobalSection
	GlobalSection(ProjectConfigurationPlatforms) = postSolution
		{55565BBB-F2D2-40DA-A92F-3111194B5D2B}.Debug|Any CPU.ActiveCfg = Debug|Any CPU
		{55565BBB-F2D2-40DA-A92F-3111194B5D2B}.Debug|Any CPU.Build.0 = Debug|Any CPU
		{55565BBB-F2D2-40DA-A92F-3111194B5D2B}.Release|Any CPU.ActiveCfg = Release|Any CPU
		{55565BBB-F2D2-40DA-A92F-3111194B5D2B}.Release|Any CPU.Build.0 = Release|Any CPU
	EndGlobalSection
	GlobalSection(SolutionProperties) = preSolution
		HideSolutionNode = FALSE
	EndGlobalSection
	GlobalSection(ExtensibilityGlobals) = postSolution
		SolutionGuid = {526D122A-B525-4FE3-9BD1-85E312FDC2B6}
	EndGlobalSection
EndGlobal
