
Microsoft Visual Studio Solution File, Format Version 12.00
# Visual Studio Version 17
VisualStudioVersion = 17.3.32929.385
MinimumVisualStudioVersion = 10.0.40219.1
Project("{FAE04EC0-301F-11D3-BF4B-00C04F79EFBC}") = "Упаковка шортов", "Упаковка шортов\Упаковка шортов.csproj", "{A566CD71-63AB-456E-A281-152AC7A2E5B1}"
EndProject
Global
	GlobalSection(SolutionConfigurationPlatforms) = preSolution
		Debug|Any CPU = Debug|Any CPU
		Release|Any CPU = Release|Any CPU
	EndGlobalSection
	GlobalSection(ProjectConfigurationPlatforms) = postSolution
		{A566CD71-63AB-456E-A281-152AC7A2E5B1}.Debug|Any CPU.ActiveCfg = Debug|Any CPU
		{A566CD71-63AB-456E-A281-152AC7A2E5B1}.Debug|Any CPU.Build.0 = Debug|Any CPU
		{A566CD71-63AB-456E-A281-152AC7A2E5B1}.Release|Any CPU.ActiveCfg = Release|Any CPU
		{A566CD71-63AB-456E-A281-152AC7A2E5B1}.Release|Any CPU.Build.0 = Release|Any CPU
	EndGlobalSection
	GlobalSection(SolutionProperties) = preSolution
		HideSolutionNode = FALSE
	EndGlobalSection
	GlobalSection(ExtensibilityGlobals) = postSolution
		SolutionGuid = {E9B04859-E3B4-490E-9265-53FE0CCC2E3B}
	EndGlobalSection
EndGlobal
